// !$*UTF8*$!
{
	archiveVersion = 1;
	classes = {
	};
	objectVersion = 46;
	objects = {

/* Begin PBXBuildFile section */
		162E527E1C7BAF4B00276201 /* GenericLists.c in Sources */ = {isa = PBXBuildFile; fileRef = 162E527D1C7BAF4B00276201 /* GenericLists.c */; };
		162E52801C7BAF5E00276201 /* UserDefined.c in Sources */ = {isa = PBXBuildFile; fileRef = 162E527F1C7BAF5E00276201 /* UserDefined.c */; };
		162E52831C7BE3C700276201 /* HelperFunctions.c in Sources */ = {isa = PBXBuildFile; fileRef = 162E52811C7BE3C700276201 /* HelperFunctions.c */; };
		165082BD1C7D4E1E00908FAA /* listTest.c in Sources */ = {isa = PBXBuildFile; fileRef = 165082BC1C7D4E1E00908FAA /* listTest.c */; };
		165082BF1C7D540A00908FAA /* makefile in Sources */ = {isa = PBXBuildFile; fileRef = 165082BE1C7D540A00908FAA /* makefile */; };
		168904CC1C6ED04D00F73F05 /* FileIO.c in Sources */ = {isa = PBXBuildFile; fileRef = 168904CA1C6ED04D00F73F05 /* FileIO.c */; };
/* End PBXBuildFile section */

/* Begin PBXCopyFilesBuildPhase section */
		168904BC1C6EBE2000F73F05 /* CopyFiles */ = {
			isa = PBXCopyFilesBuildPhase;
			buildActionMask = 2147483647;
			dstPath = /usr/share/man/man1/;
			dstSubfolderSpec = 0;
			files = (
			);
			runOnlyForDeploymentPostprocessing = 1;
		};
/* End PBXCopyFilesBuildPhase section */

/* Begin PBXFileReference section */
		162E527D1C7BAF4B00276201 /* GenericLists.c */ = {isa = PBXFileReference; fileEncoding = 4; lastKnownFileType = sourcecode.c.c; path = GenericLists.c; sourceTree = "<group>"; };
		162E527F1C7BAF5E00276201 /* UserDefined.c */ = {isa = PBXFileReference; fileEncoding = 4; lastKnownFileType = sourcecode.c.c; path = UserDefined.c; sourceTree = "<group>"; };
		162E52811C7BE3C700276201 /* HelperFunctions.c */ = {isa = PBXFileReference; fileEncoding = 4; lastKnownFileType = sourcecode.c.c; path = HelperFunctions.c; sourceTree = "<group>"; };
		162E52821C7BE3C700276201 /* HelperFunctions.h */ = {isa = PBXFileReference; fileEncoding = 4; lastKnownFileType = sourcecode.c.h; path = HelperFunctions.h; sourceTree = "<group>"; };
		165082BC1C7D4E1E00908FAA /* listTest.c */ = {isa = PBXFileReference; fileEncoding = 4; lastKnownFileType = sourcecode.c.c; path = listTest.c; sourceTree = "<group>"; };
		165082BE1C7D540A00908FAA /* makefile */ = {isa = PBXFileReference; fileEncoding = 4; lastKnownFileType = sourcecode.make; path = makefile; sourceTree = "<group>"; };
		168904BE1C6EBE2000F73F05 /* DoublyLinkedList */ = {isa = PBXFileReference; explicitFileType = "compiled.mach-o.executable"; includeInIndex = 0; path = DoublyLinkedList; sourceTree = BUILT_PRODUCTS_DIR; };
		168904C81C6EBEFE00F73F05 /* UserDefined.h */ = {isa = PBXFileReference; lastKnownFileType = sourcecode.c.h; path = UserDefined.h; sourceTree = "<group>"; };
		168904C91C6EC36E00F73F05 /* GenericLists.h */ = {isa = PBXFileReference; lastKnownFileType = sourcecode.c.h; path = GenericLists.h; sourceTree = "<group>"; };
		168904CA1C6ED04D00F73F05 /* FileIO.c */ = {isa = PBXFileReference; fileEncoding = 4; lastKnownFileType = sourcecode.c.c; path = FileIO.c; sourceTree = "<group>"; };
		168904CB1C6ED04D00F73F05 /* FileIO.h */ = {isa = PBXFileReference; fileEncoding = 4; lastKnownFileType = sourcecode.c.h; path = FileIO.h; sourceTree = "<group>"; };
/* End PBXFileReference section */

/* Begin PBXFrameworksBuildPhase section */
		168904BB1C6EBE2000F73F05 /* Frameworks */ = {
			isa = PBXFrameworksBuildPhase;
			buildActionMask = 2147483647;
			files = (
			);
			runOnlyForDeploymentPostprocessing = 0;
		};
/* End PBXFrameworksBuildPhase section */

/* Begin PBXGroup section */
		168904B51C6EBE2000F73F05 = {
			isa = PBXGroup;
			children = (
				168904C01C6EBE2000F73F05 /* DoublyLinkedList */,
				168904BF1C6EBE2000F73F05 /* Products */,
			);
			sourceTree = "<group>";
		};
		168904BF1C6EBE2000F73F05 /* Products */ = {
			isa = PBXGroup;
			children = (
				168904BE1C6EBE2000F73F05 /* DoublyLinkedList */,
			);
			name = Products;
			sourceTree = "<group>";
		};
		168904C01C6EBE2000F73F05 /* DoublyLinkedList */ = {
			isa = PBXGroup;
			children = (
				165082BC1C7D4E1E00908FAA /* listTest.c */,
				165082BE1C7D540A00908FAA /* makefile */,
				168904CA1C6ED04D00F73F05 /* FileIO.c */,
				168904CB1C6ED04D00F73F05 /* FileIO.h */,
				162E527D1C7BAF4B00276201 /* GenericLists.c */,
				168904C91C6EC36E00F73F05 /* GenericLists.h */,
				162E52811C7BE3C700276201 /* HelperFunctions.c */,
				162E52821C7BE3C700276201 /* HelperFunctions.h */,
				162E527F1C7BAF5E00276201 /* UserDefined.c */,
				168904C81C6EBEFE00F73F05 /* UserDefined.h */,
			);
			path = DoublyLinkedList;
			sourceTree = "<group>";
		};
/* End PBXGroup section */

/* Begin PBXNativeTarget section */
		168904BD1C6EBE2000F73F05 /* DoublyLinkedList */ = {
			isa = PBXNativeTarget;
			buildConfigurationList = 168904C51C6EBE2000F73F05 /* Build configuration list for PBXNativeTarget "DoublyLinkedList" */;
			buildPhases = (
				168904BA1C6EBE2000F73F05 /* Sources */,
				168904BB1C6EBE2000F73F05 /* Frameworks */,
				168904BC1C6EBE2000F73F05 /* CopyFiles */,
			);
			buildRules = (
			);
			dependencies = (
			);
			name = DoublyLinkedList;
			productName = DoublyLinkedList;
			productReference = 168904BE1C6EBE2000F73F05 /* DoublyLinkedList */;
			productType = "com.apple.product-type.tool";
		};
/* End PBXNativeTarget section */

/* Begin PBXProject section */
		168904B61C6EBE2000F73F05 /* Project object */ = {
			isa = PBXProject;
			attributes = {
				LastUpgradeCheck = 0720;
				ORGANIZATIONNAME = UmbrellaCorp;
				TargetAttributes = {
					168904BD1C6EBE2000F73F05 = {
						CreatedOnToolsVersion = 7.2.1;
					};
				};
			};
			buildConfigurationList = 168904B91C6EBE2000F73F05 /* Build configuration list for PBXProject "DoublyLinkedList" */;
			compatibilityVersion = "Xcode 3.2";
			developmentRegion = English;
			hasScannedForEncodings = 0;
			knownRegions = (
				en,
			);
			mainGroup = 168904B51C6EBE2000F73F05;
			productRefGroup = 168904BF1C6EBE2000F73F05 /* Products */;
			projectDirPath = "";
			projectRoot = "";
			targets = (
				168904BD1C6EBE2000F73F05 /* DoublyLinkedList */,
			);
		};
/* End PBXProject section */

/* Begin PBXSourcesBuildPhase section */
		168904BA1C6EBE2000F73F05 /* Sources */ = {
			isa = PBXSourcesBuildPhase;
			buildActionMask = 2147483647;
			files = (
				165082BD1C7D4E1E00908FAA /* listTest.c in Sources */,
				162E52831C7BE3C700276201 /* HelperFunctions.c in Sources */,
				165082BF1C7D540A00908FAA /* makefile in Sources */,
				162E52801C7BAF5E00276201 /* UserDefined.c in Sources */,
				162E527E1C7BAF4B00276201 /* GenericLists.c in Sources */,
				168904CC1C6ED04D00F73F05 /* FileIO.c in Sources */,
			);
			runOnlyForDeploymentPostprocessing = 0;
		};
/* End PBXSourcesBuildPhase section */

/* Begin XCBuildConfiguration section */
		168904C31C6EBE2000F73F05 /* Debug */ = {
			isa = XCBuildConfiguration;
			buildSettings = {
				ALWAYS_SEARCH_USER_PATHS = NO;
				CLANG_CXX_LANGUAGE_STANDARD = "gnu++0x";
				CLANG_CXX_LIBRARY = "libc++";
				CLANG_ENABLE_MODULES = YES;
				CLANG_ENABLE_OBJC_ARC = YES;
				CLANG_WARN_BOOL_CONVERSION = YES;
				CLANG_WARN_CONSTANT_CONVERSION = YES;
				CLANG_WARN_DIRECT_OBJC_ISA_USAGE = YES_ERROR;
				CLANG_WARN_EMPTY_BODY = YES;
				CLANG_WARN_ENUM_CONVERSION = YES;
				CLANG_WARN_INT_CONVERSION = YES;
				CLANG_WARN_OBJC_ROOT_CLASS = YES_ERROR;
				CLANG_WARN_UNREACHABLE_CODE = YES;
				CLANG_WARN__DUPLICATE_METHOD_MATCH = YES;
				CODE_SIGN_IDENTITY = "-";
				COPY_PHASE_STRIP = NO;
				DEBUG_INFORMATION_FORMAT = dwarf;
				ENABLE_STRICT_OBJC_MSGSEND = YES;
				ENABLE_TESTABILITY = YES;
				GCC_C_LANGUAGE_STANDARD = gnu99;
				GCC_DYNAMIC_NO_PIC = NO;
				GCC_NO_COMMON_BLOCKS = YES;
				GCC_OPTIMIZATION_LEVEL = 0;
				GCC_PREPROCESSOR_DEFINITIONS = (
					"DEBUG=1",
					"$(inherited)",
				);
				GCC_WARN_64_TO_32_BIT_CONVERSION = YES;
				GCC_WARN_ABOUT_RETURN_TYPE = YES_ERROR;
				GCC_WARN_UNDECLARED_SELECTOR = YES;
				GCC_WARN_UNINITIALIZED_AUTOS = YES_AGGRESSIVE;
				GCC_WARN_UNUSED_FUNCTION = YES;
				GCC_WARN_UNUSED_VARIABLE = YES;
				MACOSX_DEPLOYMENT_TARGET = 10.11;
				MTL_ENABLE_DEBUG_INFO = YES;
				ONLY_ACTIVE_ARCH = YES;
				SDKROOT = macosx;
			};
			name = Debug;
		};
		168904C41C6EBE2000F73F05 /* Release */ = {
			isa = XCBuildConfiguration;
			buildSettings = {
				ALWAYS_SEARCH_USER_PATHS = NO;
				CLANG_CXX_LANGUAGE_STANDARD = "gnu++0x";
				CLANG_CXX_LIBRARY = "libc++";
				CLANG_ENABLE_MODULES = YES;
				CLANG_ENABLE_OBJC_ARC = YES;
				CLANG_WARN_BOOL_CONVERSION = YES;
				CLANG_WARN_CONSTANT_CONVERSION = YES;
				CLANG_WARN_DIRECT_OBJC_ISA_USAGE = YES_ERROR;
				CLANG_WARN_EMPTY_BODY = YES;
				CLANG_WARN_ENUM_CONVERSION = YES;
				CLANG_WARN_INT_CONVERSION = YES;
				CLANG_WARN_OBJC_ROOT_CLASS = YES_ERROR;
				CLANG_WARN_UNREACHABLE_CODE = YES;
				CLANG_WARN__DUPLICATE_METHOD_MATCH = YES;
				CODE_SIGN_IDENTITY = "-";
				COPY_PHASE_STRIP = NO;
				DEBUG_INFORMATION_FORMAT = "dwarf-with-dsym";
				ENABLE_NS_ASSERTIONS = NO;
				ENABLE_STRICT_OBJC_MSGSEND = YES;
				GCC_C_LANGUAGE_STANDARD = gnu99;
				GCC_NO_COMMON_BLOCKS = YES;
				GCC_WARN_64_TO_32_BIT_CONVERSION = YES;
				GCC_WARN_ABOUT_RETURN_TYPE = YES_ERROR;
				GCC_WARN_UNDECLARED_SELECTOR = YES;
				GCC_WARN_UNINITIALIZED_AUTOS = YES_AGGRESSIVE;
				GCC_WARN_UNUSED_FUNCTION = YES;
				GCC_WARN_UNUSED_VARIABLE = YES;
				MACOSX_DEPLOYMENT_TARGET = 10.11;
				MTL_ENABLE_DEBUG_INFO = NO;
				SDKROOT = macosx;
			};
			name = Release;
		};
		168904C61C6EBE2000F73F05 /* Debug */ = {
			isa = XCBuildConfiguration;
			buildSettings = {
				PRODUCT_NAME = "$(TARGET_NAME)";
			};
			name = Debug;
		};
		168904C71C6EBE2000F73F05 /* Release */ = {
			isa = XCBuildConfiguration;
			buildSettings = {
				PRODUCT_NAME = "$(TARGET_NAME)";
			};
			name = Release;
		};
/* End XCBuildConfiguration section */

/* Begin XCConfigurationList section */
		168904B91C6EBE2000F73F05 /* Build configuration list for PBXProject "DoublyLinkedList" */ = {
			isa = XCConfigurationList;
			buildConfigurations = (
				168904C31C6EBE2000F73F05 /* Debug */,
				168904C41C6EBE2000F73F05 /* Release */,
			);
			defaultConfigurationIsVisible = 0;
			defaultConfigurationName = Release;
		};
		168904C51C6EBE2000F73F05 /* Build configuration list for PBXNativeTarget "DoublyLinkedList" */ = {
			isa = XCConfigurationList;
			buildConfigurations = (
				168904C61C6EBE2000F73F05 /* Debug */,
				168904C71C6EBE2000F73F05 /* Release */,
			);
			defaultConfigurationIsVisible = 0;
			defaultConfigurationName = Release;
		};
/* End XCConfigurationList section */
	};
	rootObject = 168904B61C6EBE2000F73F05 /* Project object */;
}
